
Microsoft Visual Studio Solution File, Format Version 12.00
# Visual Studio 15
VisualStudioVersion = 15.0.27004.2009
MinimumVisualStudioVersion = 10.0.40219.1
Project("{FAE04EC0-301F-11D3-BF4B-00C04F79EFBC}") = "Recipe.Web", "Recipe.Web\Recipe.Web.csproj", "{E1C8C6ED-93B3-4F04-A438-4E628D5BE768}"
EndProject
Project("{FAE04EC0-301F-11D3-BF4B-00C04F79EFBC}") = "Recipe.Model", "Recipe.Model\Recipe.Model.csproj", "{201039E8-C179-4B56-AF03-0450BE23CCBF}"
EndProject
Project("{FAE04EC0-301F-11D3-BF4B-00C04F79EFBC}") = "Recipe.Data", "Recipe.Data\Recipe.Data.csproj", "{E9143870-77F9-47AF-A05E-C1E5AA183E20}"
EndProject
Project("{FAE04EC0-301F-11D3-BF4B-00C04F79EFBC}") = "Recipe.Tests", "Recipe.Tests\Recipe.Tests.csproj", "{7C50DD15-CCCB-4567-953C-FDCF7438DC7F}"
EndProject
Global
	GlobalSection(SolutionConfigurationPlatforms) = preSolution
		Debug|Any CPU = Debug|Any CPU
		Release|Any CPU = Release|Any CPU
	EndGlobalSection
	GlobalSection(ProjectConfigurationPlatforms) = postSolution
		{E1C8C6ED-93B3-4F04-A438-4E628D5BE768}.Debug|Any CPU.ActiveCfg = Debug|Any CPU
		{E1C8C6ED-93B3-4F04-A438-4E628D5BE768}.Debug|Any CPU.Build.0 = Debug|Any CPU
		{E1C8C6ED-93B3-4F04-A438-4E628D5BE768}.Release|Any CPU.ActiveCfg = Release|Any CPU
		{E1C8C6ED-93B3-4F04-A438-4E628D5BE768}.Release|Any CPU.Build.0 = Release|Any CPU
		{201039E8-C179-4B56-AF03-0450BE23CCBF}.Debug|Any CPU.ActiveCfg = Debug|Any CPU
		{201039E8-C179-4B56-AF03-0450BE23CCBF}.Debug|Any CPU.Build.0 = Debug|Any CPU
		{201039E8-C179-4B56-AF03-0450BE23CCBF}.Release|Any CPU.ActiveCfg = Release|Any CPU
		{201039E8-C179-4B56-AF03-0450BE23CCBF}.Release|Any CPU.Build.0 = Release|Any CPU
		{E9143870-77F9-47AF-A05E-C1E5AA183E20}.Debug|Any CPU.ActiveCfg = Debug|Any CPU
		{E9143870-77F9-47AF-A05E-C1E5AA183E20}.Debug|Any CPU.Build.0 = Debug|Any CPU
		{E9143870-77F9-47AF-A05E-C1E5AA183E20}.Release|Any CPU.ActiveCfg = Release|Any CPU
		{E9143870-77F9-47AF-A05E-C1E5AA183E20}.Release|Any CPU.Build.0 = Release|Any CPU
		{7C50DD15-CCCB-4567-953C-FDCF7438DC7F}.Debug|Any CPU.ActiveCfg = Debug|Any CPU
		{7C50DD15-CCCB-4567-953C-FDCF7438DC7F}.Debug|Any CPU.Build.0 = Debug|Any CPU
		{7C50DD15-CCCB-4567-953C-FDCF7438DC7F}.Release|Any CPU.ActiveCfg = Release|Any CPU
		{7C50DD15-CCCB-4567-953C-FDCF7438DC7F}.Release|Any CPU.Build.0 = Release|Any CPU
	EndGlobalSection
	GlobalSection(SolutionProperties) = preSolution
		HideSolutionNode = FALSE
	EndGlobalSection
	GlobalSection(ExtensibilityGlobals) = postSolution
		SolutionGuid = {682E5435-A3D8-428D-A6E1-C8EAE8FC9DD0}
	EndGlobalSection
EndGlobal
